// !$*UTF8*$!
{
	archiveVersion = 1;
	classes = {
	};
	objectVersion = 46;
	objects = {

/* Begin PBXBuildFile section */
		B4ECE72115FE66DB00DD118E /* UIKit.framework in Frameworks */ = {isa = PBXBuildFile; fileRef = B4ECE72015FE66DB00DD118E /* UIKit.framework */; };
		B4ECE72315FE66DB00DD118E /* Foundation.framework in Frameworks */ = {isa = PBXBuildFile; fileRef = B4ECE72215FE66DB00DD118E /* Foundation.framework */; };
		B4ECE72515FE66DB00DD118E /* CoreGraphics.framework in Frameworks */ = {isa = PBXBuildFile; fileRef = B4ECE72415FE66DB00DD118E /* CoreGraphics.framework */; };
		B4ECE72B15FE66DB00DD118E /* InfoPlist.strings in Resources */ = {isa = PBXBuildFile; fileRef = B4ECE72915FE66DB00DD118E /* InfoPlist.strings */; };
		B4ECE72D15FE66DB00DD118E /* main.m in Sources */ = {isa = PBXBuildFile; fileRef = B4ECE72C15FE66DB00DD118E /* main.m */; };
		B4ECE73115FE66DB00DD118E /* AppDelegate.m in Sources */ = {isa = PBXBuildFile; fileRef = B4ECE73015FE66DB00DD118E /* AppDelegate.m */; };
		B4ECE73415FE66DB00DD118E /* ViewController.m in Sources */ = {isa = PBXBuildFile; fileRef = B4ECE73315FE66DB00DD118E /* ViewController.m */; };
		B4ECE73715FE66DB00DD118E /* ViewController.xib in Resources */ = {isa = PBXBuildFile; fileRef = B4ECE73515FE66DB00DD118E /* ViewController.xib */; };
		B4ECE73F15FE66DB00DD118E /* SenTestingKit.framework in Frameworks */ = {isa = PBXBuildFile; fileRef = B4ECE73E15FE66DB00DD118E /* SenTestingKit.framework */; };
		B4ECE74015FE66DB00DD118E /* UIKit.framework in Frameworks */ = {isa = PBXBuildFile; fileRef = B4ECE72015FE66DB00DD118E /* UIKit.framework */; };
		B4ECE74115FE66DB00DD118E /* Foundation.framework in Frameworks */ = {isa = PBXBuildFile; fileRef = B4ECE72215FE66DB00DD118E /* Foundation.framework */; };
		B4ECE74915FE66DB00DD118E /* InfoPlist.strings in Resources */ = {isa = PBXBuildFile; fileRef = B4ECE74715FE66DB00DD118E /* InfoPlist.strings */; };
		B4ECE75815FE6A9600DD118E /* WeatherTests.m in Sources */ = {isa = PBXBuildFile; fileRef = B4ECE75715FE6A9600DD118E /* WeatherTests.m */; };
		B4ECE75E15FE78F600DD118E /* weatherImage.png in Resources */ = {isa = PBXBuildFile; fileRef = B4ECE75D15FE78F600DD118E /* weatherImage.png */; };
		B4ECE76115FE7AC600DD118E /* Weather.m in Sources */ = {isa = PBXBuildFile; fileRef = B4ECE76015FE7AC600DD118E /* Weather.m */; };
		B4ECE76415FFCD3C00DD118E /* CityTests.m in Sources */ = {isa = PBXBuildFile; fileRef = B4ECE76315FFCD3C00DD118E /* CityTests.m */; };
		B4ECE76715FFD2C300DD118E /* City.m in Sources */ = {isa = PBXBuildFile; fileRef = B4ECE76615FFD2C300DD118E /* City.m */; };
		B4ECE76A15FFEA4400DD118E /* WeatherManagerTests.m in Sources */ = {isa = PBXBuildFile; fileRef = B4ECE76915FFEA4400DD118E /* WeatherManagerTests.m */; };
		B4ECE76C15FFEBAF00DD118E /* weatherResponse.xml in Resources */ = {isa = PBXBuildFile; fileRef = B4ECE76B15FFEBAF00DD118E /* weatherResponse.xml */; };
		B4ECE77015FFF32600DD118E /* WeatherManager.m in Sources */ = {isa = PBXBuildFile; fileRef = B4ECE76F15FFF32600DD118E /* WeatherManager.m */; };
		B4ECE77415FFF75800DD118E /* WeatherConnectionMockUp.m in Sources */ = {isa = PBXBuildFile; fileRef = B4ECE77315FFF75800DD118E /* WeatherConnectionMockUp.m */; };
		B4ECE7771601398200DD118E /* WeatherImageConnectionMockup.m in Sources */ = {isa = PBXBuildFile; fileRef = B4ECE7761601398200DD118E /* WeatherImageConnectionMockup.m */; };
		B4ECE77D16013F9B00DD118E /* WeatherImageConnection.m in Sources */ = {isa = PBXBuildFile; fileRef = B4ECE77C16013F9B00DD118E /* WeatherImageConnection.m */; };
/* End PBXBuildFile section */

/* Begin PBXContainerItemProxy section */
		B4ECE74215FE66DB00DD118E /* PBXContainerItemProxy */ = {
			isa = PBXContainerItemProxy;
			containerPortal = B4ECE71315FE66DB00DD118E /* Project object */;
			proxyType = 1;
			remoteGlobalIDString = B4ECE71B15FE66DB00DD118E;
			remoteInfo = OpenWeather;
		};
/* End PBXContainerItemProxy section */

/* Begin PBXFileReference section */
		B4ECE71C15FE66DB00DD118E /* OpenWeather.app */ = {isa = PBXFileReference; explicitFileType = wrapper.application; includeInIndex = 0; path = OpenWeather.app; sourceTree = BUILT_PRODUCTS_DIR; };
		B4ECE72015FE66DB00DD118E /* UIKit.framework */ = {isa = PBXFileReference; lastKnownFileType = wrapper.framework; name = UIKit.framework; path = System/Library/Frameworks/UIKit.framework; sourceTree = SDKROOT; };
		B4ECE72215FE66DB00DD118E /* Foundation.framework */ = {isa = PBXFileReference; lastKnownFileType = wrapper.framework; name = Foundation.framework; path = System/Library/Frameworks/Foundation.framework; sourceTree = SDKROOT; };
		B4ECE72415FE66DB00DD118E /* CoreGraphics.framework */ = {isa = PBXFileReference; lastKnownFileType = wrapper.framework; name = CoreGraphics.framework; path = System/Library/Frameworks/CoreGraphics.framework; sourceTree = SDKROOT; };
		B4ECE72815FE66DB00DD118E /* OpenWeather-Info.plist */ = {isa = PBXFileReference; lastKnownFileType = text.plist.xml; path = "OpenWeather-Info.plist"; sourceTree = "<group>"; };
		B4ECE72A15FE66DB00DD118E /* en */ = {isa = PBXFileReference; lastKnownFileType = text.plist.strings; name = en; path = en.lproj/InfoPlist.strings; sourceTree = "<group>"; };
		B4ECE72C15FE66DB00DD118E /* main.m */ = {isa = PBXFileReference; lastKnownFileType = sourcecode.c.objc; path = main.m; sourceTree = "<group>"; };
		B4ECE72E15FE66DB00DD118E /* OpenWeather-Prefix.pch */ = {isa = PBXFileReference; lastKnownFileType = sourcecode.c.h; path = "OpenWeather-Prefix.pch"; sourceTree = "<group>"; };
		B4ECE72F15FE66DB00DD118E /* AppDelegate.h */ = {isa = PBXFileReference; lastKnownFileType = sourcecode.c.h; path = AppDelegate.h; sourceTree = "<group>"; };
		B4ECE73015FE66DB00DD118E /* AppDelegate.m */ = {isa = PBXFileReference; lastKnownFileType = sourcecode.c.objc; path = AppDelegate.m; sourceTree = "<group>"; };
		B4ECE73215FE66DB00DD118E /* ViewController.h */ = {isa = PBXFileReference; lastKnownFileType = sourcecode.c.h; path = ViewController.h; sourceTree = "<group>"; };
		B4ECE73315FE66DB00DD118E /* ViewController.m */ = {isa = PBXFileReference; lastKnownFileType = sourcecode.c.objc; path = ViewController.m; sourceTree = "<group>"; };
		B4ECE73615FE66DB00DD118E /* en */ = {isa = PBXFileReference; lastKnownFileType = file.xib; name = en; path = en.lproj/ViewController.xib; sourceTree = "<group>"; };
		B4ECE73D15FE66DB00DD118E /* OpenWeatherTests.octest */ = {isa = PBXFileReference; explicitFileType = wrapper.cfbundle; includeInIndex = 0; path = OpenWeatherTests.octest; sourceTree = BUILT_PRODUCTS_DIR; };
		B4ECE73E15FE66DB00DD118E /* SenTestingKit.framework */ = {isa = PBXFileReference; lastKnownFileType = wrapper.framework; name = SenTestingKit.framework; path = Library/Frameworks/SenTestingKit.framework; sourceTree = DEVELOPER_DIR; };
		B4ECE74615FE66DB00DD118E /* OpenWeatherTests-Info.plist */ = {isa = PBXFileReference; lastKnownFileType = text.plist.xml; path = "OpenWeatherTests-Info.plist"; sourceTree = "<group>"; };
		B4ECE74815FE66DB00DD118E /* en */ = {isa = PBXFileReference; lastKnownFileType = text.plist.strings; name = en; path = en.lproj/InfoPlist.strings; sourceTree = "<group>"; };
		B4ECE75715FE6A9600DD118E /* WeatherTests.m */ = {isa = PBXFileReference; fileEncoding = 4; lastKnownFileType = sourcecode.c.objc; path = WeatherTests.m; sourceTree = "<group>"; };
		B4ECE75D15FE78F600DD118E /* weatherImage.png */ = {isa = PBXFileReference; lastKnownFileType = image.png; name = weatherImage.png; path = extras/weatherImage.png; sourceTree = "<group>"; };
		B4ECE75F15FE7AC600DD118E /* Weather.h */ = {isa = PBXFileReference; fileEncoding = 4; lastKnownFileType = sourcecode.c.h; path = Weather.h; sourceTree = "<group>"; };
		B4ECE76015FE7AC600DD118E /* Weather.m */ = {isa = PBXFileReference; fileEncoding = 4; lastKnownFileType = sourcecode.c.objc; path = Weather.m; sourceTree = "<group>"; };
		B4ECE76315FFCD3C00DD118E /* CityTests.m */ = {isa = PBXFileReference; fileEncoding = 4; lastKnownFileType = sourcecode.c.objc; path = CityTests.m; sourceTree = "<group>"; };
		B4ECE76515FFD2C300DD118E /* City.h */ = {isa = PBXFileReference; fileEncoding = 4; lastKnownFileType = sourcecode.c.h; path = City.h; sourceTree = "<group>"; };
		B4ECE76615FFD2C300DD118E /* City.m */ = {isa = PBXFileReference; fileEncoding = 4; lastKnownFileType = sourcecode.c.objc; path = City.m; sourceTree = "<group>"; };
		B4ECE76915FFEA4400DD118E /* WeatherManagerTests.m */ = {isa = PBXFileReference; fileEncoding = 4; lastKnownFileType = sourcecode.c.objc; path = WeatherManagerTests.m; sourceTree = "<group>"; };
		B4ECE76B15FFEBAF00DD118E /* weatherResponse.xml */ = {isa = PBXFileReference; fileEncoding = 4; lastKnownFileType = text.xml; name = weatherResponse.xml; path = extras/weatherResponse.xml; sourceTree = "<group>"; };
		B4ECE76E15FFF32600DD118E /* WeatherManager.h */ = {isa = PBXFileReference; fileEncoding = 4; lastKnownFileType = sourcecode.c.h; path = WeatherManager.h; sourceTree = "<group>"; };
		B4ECE76F15FFF32600DD118E /* WeatherManager.m */ = {isa = PBXFileReference; fileEncoding = 4; lastKnownFileType = sourcecode.c.objc; path = WeatherManager.m; sourceTree = "<group>"; };
		B4ECE77115FFF51A00DD118E /* WeatherConnectionDelegate.h */ = {isa = PBXFileReference; fileEncoding = 4; lastKnownFileType = sourcecode.c.h; path = WeatherConnectionDelegate.h; sourceTree = "<group>"; };
		B4ECE77215FFF75800DD118E /* WeatherConnectionMockUp.h */ = {isa = PBXFileReference; fileEncoding = 4; lastKnownFileType = sourcecode.c.h; path = WeatherConnectionMockUp.h; sourceTree = "<group>"; };
		B4ECE77315FFF75800DD118E /* WeatherConnectionMockUp.m */ = {isa = PBXFileReference; fileEncoding = 4; lastKnownFileType = sourcecode.c.objc; path = WeatherConnectionMockUp.m; sourceTree = "<group>"; };
		B4ECE7751601398200DD118E /* WeatherImageConnectionMockup.h */ = {isa = PBXFileReference; fileEncoding = 4; lastKnownFileType = sourcecode.c.h; path = WeatherImageConnectionMockup.h; sourceTree = "<group>"; };
		B4ECE7761601398200DD118E /* WeatherImageConnectionMockup.m */ = {isa = PBXFileReference; fileEncoding = 4; lastKnownFileType = sourcecode.c.objc; path = WeatherImageConnectionMockup.m; sourceTree = "<group>"; };
		B4ECE77A16013AF500DD118E /* WeatherImageConnectionDelegate.h */ = {isa = PBXFileReference; fileEncoding = 4; lastKnownFileType = sourcecode.c.h; path = WeatherImageConnectionDelegate.h; sourceTree = "<group>"; };
		B4ECE77B16013F9B00DD118E /* WeatherImageConnection.h */ = {isa = PBXFileReference; fileEncoding = 4; lastKnownFileType = sourcecode.c.h; path = WeatherImageConnection.h; sourceTree = "<group>"; };
		B4ECE77C16013F9B00DD118E /* WeatherImageConnection.m */ = {isa = PBXFileReference; fileEncoding = 4; lastKnownFileType = sourcecode.c.objc; path = WeatherImageConnection.m; sourceTree = "<group>"; };
/* End PBXFileReference section */

/* Begin PBXFrameworksBuildPhase section */
		B4ECE71915FE66DB00DD118E /* Frameworks */ = {
			isa = PBXFrameworksBuildPhase;
			buildActionMask = 2147483647;
			files = (
				B4ECE72115FE66DB00DD118E /* UIKit.framework in Frameworks */,
				B4ECE72315FE66DB00DD118E /* Foundation.framework in Frameworks */,
				B4ECE72515FE66DB00DD118E /* CoreGraphics.framework in Frameworks */,
			);
			runOnlyForDeploymentPostprocessing = 0;
		};
		B4ECE73915FE66DB00DD118E /* Frameworks */ = {
			isa = PBXFrameworksBuildPhase;
			buildActionMask = 2147483647;
			files = (
				B4ECE73F15FE66DB00DD118E /* SenTestingKit.framework in Frameworks */,
				B4ECE74015FE66DB00DD118E /* UIKit.framework in Frameworks */,
				B4ECE74115FE66DB00DD118E /* Foundation.framework in Frameworks */,
			);
			runOnlyForDeploymentPostprocessing = 0;
		};
/* End PBXFrameworksBuildPhase section */

/* Begin PBXGroup section */
		B4ECE71115FE66DB00DD118E = {
			isa = PBXGroup;
			children = (
				B4ECE72615FE66DB00DD118E /* OpenWeather */,
				B4ECE74415FE66DB00DD118E /* OpenWeatherTests */,
				B4ECE71F15FE66DB00DD118E /* Frameworks */,
				B4ECE71D15FE66DB00DD118E /* Products */,
			);
			sourceTree = "<group>";
		};
		B4ECE71D15FE66DB00DD118E /* Products */ = {
			isa = PBXGroup;
			children = (
				B4ECE71C15FE66DB00DD118E /* OpenWeather.app */,
				B4ECE73D15FE66DB00DD118E /* OpenWeatherTests.octest */,
			);
			name = Products;
			sourceTree = "<group>";
		};
		B4ECE71F15FE66DB00DD118E /* Frameworks */ = {
			isa = PBXGroup;
			children = (
				B4ECE72015FE66DB00DD118E /* UIKit.framework */,
				B4ECE72215FE66DB00DD118E /* Foundation.framework */,
				B4ECE72415FE66DB00DD118E /* CoreGraphics.framework */,
				B4ECE73E15FE66DB00DD118E /* SenTestingKit.framework */,
			);
			name = Frameworks;
			sourceTree = "<group>";
		};
		B4ECE72615FE66DB00DD118E /* OpenWeather */ = {
			isa = PBXGroup;
			children = (
				B4ECE75515FE68E900DD118E /* Model */,
				B4ECE72F15FE66DB00DD118E /* AppDelegate.h */,
				B4ECE73015FE66DB00DD118E /* AppDelegate.m */,
				B4ECE73215FE66DB00DD118E /* ViewController.h */,
				B4ECE73315FE66DB00DD118E /* ViewController.m */,
				B4ECE73515FE66DB00DD118E /* ViewController.xib */,
				B4ECE72715FE66DB00DD118E /* Supporting Files */,
			);
			path = OpenWeather;
			sourceTree = "<group>";
		};
		B4ECE72715FE66DB00DD118E /* Supporting Files */ = {
			isa = PBXGroup;
			children = (
				B4ECE72815FE66DB00DD118E /* OpenWeather-Info.plist */,
				B4ECE72915FE66DB00DD118E /* InfoPlist.strings */,
				B4ECE72C15FE66DB00DD118E /* main.m */,
				B4ECE72E15FE66DB00DD118E /* OpenWeather-Prefix.pch */,
			);
			name = "Supporting Files";
			sourceTree = "<group>";
		};
		B4ECE74415FE66DB00DD118E /* OpenWeatherTests */ = {
			isa = PBXGroup;
			children = (
				B4ECE76D15FFF10200DD118E /* Mocks */,
				B4ECE74515FE66DB00DD118E /* Supporting Files */,
				B4ECE75715FE6A9600DD118E /* WeatherTests.m */,
				B4ECE76315FFCD3C00DD118E /* CityTests.m */,
				B4ECE76915FFEA4400DD118E /* WeatherManagerTests.m */,
			);
			path = OpenWeatherTests;
			sourceTree = "<group>";
		};
		B4ECE74515FE66DB00DD118E /* Supporting Files */ = {
			isa = PBXGroup;
			children = (
				B4ECE76B15FFEBAF00DD118E /* weatherResponse.xml */,
				B4ECE75D15FE78F600DD118E /* weatherImage.png */,
				B4ECE74615FE66DB00DD118E /* OpenWeatherTests-Info.plist */,
				B4ECE74715FE66DB00DD118E /* InfoPlist.strings */,
			);
			name = "Supporting Files";
			sourceTree = "<group>";
		};
		B4ECE75515FE68E900DD118E /* Model */ = {
			isa = PBXGroup;
			children = (
				B4ECE75F15FE7AC600DD118E /* Weather.h */,
				B4ECE76015FE7AC600DD118E /* Weather.m */,
				B4ECE76515FFD2C300DD118E /* City.h */,
				B4ECE76615FFD2C300DD118E /* City.m */,
				B4ECE76E15FFF32600DD118E /* WeatherManager.h */,
				B4ECE76F15FFF32600DD118E /* WeatherManager.m */,
				B4ECE77115FFF51A00DD118E /* WeatherConnectionDelegate.h */,
				B4ECE77A16013AF500DD118E /* WeatherImageConnectionDelegate.h */,
				B4ECE77B16013F9B00DD118E /* WeatherImageConnection.h */,
				B4ECE77C16013F9B00DD118E /* WeatherImageConnection.m */,
			);
			path = Model;
			sourceTree = "<group>";
		};
		B4ECE76D15FFF10200DD118E /* Mocks */ = {
			isa = PBXGroup;
			children = (
				B4ECE77215FFF75800DD118E /* WeatherConnectionMockUp.h */,
				B4ECE77315FFF75800DD118E /* WeatherConnectionMockUp.m */,
				B4ECE7751601398200DD118E /* WeatherImageConnectionMockup.h */,
				B4ECE7761601398200DD118E /* WeatherImageConnectionMockup.m */,
			);
			name = Mocks;
			path = mockups;
			sourceTree = "<group>";
		};
/* End PBXGroup section */

/* Begin PBXNativeTarget section */
		B4ECE71B15FE66DB00DD118E /* OpenWeather */ = {
			isa = PBXNativeTarget;
			buildConfigurationList = B4ECE74F15FE66DB00DD118E /* Build configuration list for PBXNativeTarget "OpenWeather" */;
			buildPhases = (
				B4ECE71815FE66DB00DD118E /* Sources */,
				B4ECE71915FE66DB00DD118E /* Frameworks */,
				B4ECE71A15FE66DB00DD118E /* Resources */,
			);
			buildRules = (
			);
			dependencies = (
			);
			name = OpenWeather;
			productName = OpenWeather;
			productReference = B4ECE71C15FE66DB00DD118E /* OpenWeather.app */;
			productType = "com.apple.product-type.application";
		};
		B4ECE73C15FE66DB00DD118E /* OpenWeatherTests */ = {
			isa = PBXNativeTarget;
			buildConfigurationList = B4ECE75215FE66DB00DD118E /* Build configuration list for PBXNativeTarget "OpenWeatherTests" */;
			buildPhases = (
				B4ECE73815FE66DB00DD118E /* Sources */,
				B4ECE73915FE66DB00DD118E /* Frameworks */,
				B4ECE73A15FE66DB00DD118E /* Resources */,
				B4ECE73B15FE66DB00DD118E /* ShellScript */,
			);
			buildRules = (
			);
			dependencies = (
				B4ECE74315FE66DB00DD118E /* PBXTargetDependency */,
			);
			name = OpenWeatherTests;
			productName = OpenWeatherTests;
			productReference = B4ECE73D15FE66DB00DD118E /* OpenWeatherTests.octest */;
			productType = "com.apple.product-type.bundle";
		};
/* End PBXNativeTarget section */

/* Begin PBXProject section */
		B4ECE71315FE66DB00DD118E /* Project object */ = {
			isa = PBXProject;
			attributes = {
				LastUpgradeCheck = 0440;
				ORGANIZATIONNAME = "Guillem Fernández González";
			};
			buildConfigurationList = B4ECE71615FE66DB00DD118E /* Build configuration list for PBXProject "OpenWeather" */;
			compatibilityVersion = "Xcode 3.2";
			developmentRegion = English;
			hasScannedForEncodings = 0;
			knownRegions = (
				en,
			);
			mainGroup = B4ECE71115FE66DB00DD118E;
			productRefGroup = B4ECE71D15FE66DB00DD118E /* Products */;
			projectDirPath = "";
			projectRoot = "";
			targets = (
				B4ECE71B15FE66DB00DD118E /* OpenWeather */,
				B4ECE73C15FE66DB00DD118E /* OpenWeatherTests */,
			);
		};
/* End PBXProject section */

/* Begin PBXResourcesBuildPhase section */
		B4ECE71A15FE66DB00DD118E /* Resources */ = {
			isa = PBXResourcesBuildPhase;
			buildActionMask = 2147483647;
			files = (
				B4ECE72B15FE66DB00DD118E /* InfoPlist.strings in Resources */,
				B4ECE73715FE66DB00DD118E /* ViewController.xib in Resources */,
			);
			runOnlyForDeploymentPostprocessing = 0;
		};
		B4ECE73A15FE66DB00DD118E /* Resources */ = {
			isa = PBXResourcesBuildPhase;
			buildActionMask = 2147483647;
			files = (
				B4ECE74915FE66DB00DD118E /* InfoPlist.strings in Resources */,
				B4ECE75E15FE78F600DD118E /* weatherImage.png in Resources */,
				B4ECE76C15FFEBAF00DD118E /* weatherResponse.xml in Resources */,
			);
			runOnlyForDeploymentPostprocessing = 0;
		};
/* End PBXResourcesBuildPhase section */

/* Begin PBXShellScriptBuildPhase section */
		B4ECE73B15FE66DB00DD118E /* ShellScript */ = {
			isa = PBXShellScriptBuildPhase;
			buildActionMask = 2147483647;
			files = (
			);
			inputPaths = (
			);
			outputPaths = (
			);
			runOnlyForDeploymentPostprocessing = 0;
			shellPath = /bin/sh;
			shellScript = "# Run the unit tests in this test bundle.\n\"${SYSTEM_DEVELOPER_DIR}/Tools/RunUnitTests\"\n";
		};
/* End PBXShellScriptBuildPhase section */

/* Begin PBXSourcesBuildPhase section */
		B4ECE71815FE66DB00DD118E /* Sources */ = {
			isa = PBXSourcesBuildPhase;
			buildActionMask = 2147483647;
			files = (
				B4ECE72D15FE66DB00DD118E /* main.m in Sources */,
				B4ECE73115FE66DB00DD118E /* AppDelegate.m in Sources */,
				B4ECE73415FE66DB00DD118E /* ViewController.m in Sources */,
				B4ECE76115FE7AC600DD118E /* Weather.m in Sources */,
				B4ECE76715FFD2C300DD118E /* City.m in Sources */,
				B4ECE77015FFF32600DD118E /* WeatherManager.m in Sources */,
				B4ECE77D16013F9B00DD118E /* WeatherImageConnection.m in Sources */,
			);
			runOnlyForDeploymentPostprocessing = 0;
		};
		B4ECE73815FE66DB00DD118E /* Sources */ = {
			isa = PBXSourcesBuildPhase;
			buildActionMask = 2147483647;
			files = (
				B4ECE75815FE6A9600DD118E /* WeatherTests.m in Sources */,
				B4ECE76415FFCD3C00DD118E /* CityTests.m in Sources */,
				B4ECE76A15FFEA4400DD118E /* WeatherManagerTests.m in Sources */,
				B4ECE77415FFF75800DD118E /* WeatherConnectionMockUp.m in Sources */,
				B4ECE7771601398200DD118E /* WeatherImageConnectionMockup.m in Sources */,
			);
			runOnlyForDeploymentPostprocessing = 0;
		};
/* End PBXSourcesBuildPhase section */

/* Begin PBXTargetDependency section */
		B4ECE74315FE66DB00DD118E /* PBXTargetDependency */ = {
			isa = PBXTargetDependency;
			target = B4ECE71B15FE66DB00DD118E /* OpenWeather */;
			targetProxy = B4ECE74215FE66DB00DD118E /* PBXContainerItemProxy */;
		};
/* End PBXTargetDependency section */

/* Begin PBXVariantGroup section */
		B4ECE72915FE66DB00DD118E /* InfoPlist.strings */ = {
			isa = PBXVariantGroup;
			children = (
				B4ECE72A15FE66DB00DD118E /* en */,
			);
			name = InfoPlist.strings;
			sourceTree = "<group>";
		};
		B4ECE73515FE66DB00DD118E /* ViewController.xib */ = {
			isa = PBXVariantGroup;
			children = (
				B4ECE73615FE66DB00DD118E /* en */,
			);
			name = ViewController.xib;
			sourceTree = "<group>";
		};
		B4ECE74715FE66DB00DD118E /* InfoPlist.strings */ = {
			isa = PBXVariantGroup;
			children = (
				B4ECE74815FE66DB00DD118E /* en */,
			);
			name = InfoPlist.strings;
			sourceTree = "<group>";
		};
/* End PBXVariantGroup section */

/* Begin XCBuildConfiguration section */
		B4ECE74D15FE66DB00DD118E /* Debug */ = {
			isa = XCBuildConfiguration;
			buildSettings = {
				ALWAYS_SEARCH_USER_PATHS = NO;
				ARCHS = "$(ARCHS_STANDARD_32_BIT)";
				CLANG_CXX_LANGUAGE_STANDARD = "gnu++0x";
				CLANG_WARN__DUPLICATE_METHOD_MATCH = YES;
				"CODE_SIGN_IDENTITY[sdk=iphoneos*]" = "iPhone Developer";
				COPY_PHASE_STRIP = NO;
				GCC_C_LANGUAGE_STANDARD = gnu99;
				GCC_DYNAMIC_NO_PIC = NO;
				GCC_OPTIMIZATION_LEVEL = 0;
				GCC_PREPROCESSOR_DEFINITIONS = (
					"DEBUG=1",
					"$(inherited)",
				);
				GCC_SYMBOLS_PRIVATE_EXTERN = NO;
				GCC_VERSION = com.apple.compilers.llvm.clang.1_0;
				GCC_WARN_ABOUT_RETURN_TYPE = YES;
				GCC_WARN_UNINITIALIZED_AUTOS = YES;
				GCC_WARN_UNUSED_VARIABLE = YES;
				IPHONEOS_DEPLOYMENT_TARGET = 5.1;
				SDKROOT = iphoneos;
			};
			name = Debug;
		};
		B4ECE74E15FE66DB00DD118E /* Release */ = {
			isa = XCBuildConfiguration;
			buildSettings = {
				ALWAYS_SEARCH_USER_PATHS = NO;
				ARCHS = "$(ARCHS_STANDARD_32_BIT)";
				CLANG_CXX_LANGUAGE_STANDARD = "gnu++0x";
				CLANG_WARN__DUPLICATE_METHOD_MATCH = YES;
				"CODE_SIGN_IDENTITY[sdk=iphoneos*]" = "iPhone Developer";
				COPY_PHASE_STRIP = YES;
				GCC_C_LANGUAGE_STANDARD = gnu99;
				GCC_VERSION = com.apple.compilers.llvm.clang.1_0;
				GCC_WARN_ABOUT_RETURN_TYPE = YES;
				GCC_WARN_UNINITIALIZED_AUTOS = YES;
				GCC_WARN_UNUSED_VARIABLE = YES;
				IPHONEOS_DEPLOYMENT_TARGET = 5.1;
				OTHER_CFLAGS = "-DNS_BLOCK_ASSERTIONS=1";
				SDKROOT = iphoneos;
				VALIDATE_PRODUCT = YES;
			};
			name = Release;
		};
		B4ECE75015FE66DB00DD118E /* Debug */ = {
			isa = XCBuildConfiguration;
			buildSettings = {
				GCC_PRECOMPILE_PREFIX_HEADER = YES;
				GCC_PREFIX_HEADER = "OpenWeather/OpenWeather-Prefix.pch";
				INFOPLIST_FILE = "OpenWeather/OpenWeather-Info.plist";
				PRODUCT_NAME = "$(TARGET_NAME)";
				WRAPPER_EXTENSION = app;
			};
			name = Debug;
		};
		B4ECE75115FE66DB00DD118E /* Release */ = {
			isa = XCBuildConfiguration;
			buildSettings = {
				GCC_PRECOMPILE_PREFIX_HEADER = YES;
				GCC_PREFIX_HEADER = "OpenWeather/OpenWeather-Prefix.pch";
				INFOPLIST_FILE = "OpenWeather/OpenWeather-Info.plist";
				PRODUCT_NAME = "$(TARGET_NAME)";
				WRAPPER_EXTENSION = app;
			};
			name = Release;
		};
		B4ECE75315FE66DB00DD118E /* Debug */ = {
			isa = XCBuildConfiguration;
			buildSettings = {
				BUNDLE_LOADER = "$(BUILT_PRODUCTS_DIR)/OpenWeather.app/OpenWeather";
				FRAMEWORK_SEARCH_PATHS = (
					"\"$(SDKROOT)/Developer/Library/Frameworks\"",
					"\"$(DEVELOPER_LIBRARY_DIR)/Frameworks\"",
				);
				GCC_PRECOMPILE_PREFIX_HEADER = YES;
				GCC_PREFIX_HEADER = "OpenWeather/OpenWeather-Prefix.pch";
				INFOPLIST_FILE = "OpenWeatherTests/OpenWeatherTests-Info.plist";
				PRODUCT_NAME = "$(TARGET_NAME)";
				TEST_HOST = "$(BUNDLE_LOADER)";
				WRAPPER_EXTENSION = octest;
			};
			name = Debug;
		};
		B4ECE75415FE66DB00DD118E /* Release */ = {
			isa = XCBuildConfiguration;
			buildSettings = {
				BUNDLE_LOADER = "$(BUILT_PRODUCTS_DIR)/OpenWeather.app/OpenWeather";
				FRAMEWORK_SEARCH_PATHS = (
					"\"$(SDKROOT)/Developer/Library/Frameworks\"",
					"\"$(DEVELOPER_LIBRARY_DIR)/Frameworks\"",
				);
				GCC_PRECOMPILE_PREFIX_HEADER = YES;
				GCC_PREFIX_HEADER = "OpenWeather/OpenWeather-Prefix.pch";
				INFOPLIST_FILE = "OpenWeatherTests/OpenWeatherTests-Info.plist";
				PRODUCT_NAME = "$(TARGET_NAME)";
				TEST_HOST = "$(BUNDLE_LOADER)";
				WRAPPER_EXTENSION = octest;
			};
			name = Release;
		};
/* End XCBuildConfiguration section */

/* Begin XCConfigurationList section */
		B4ECE71615FE66DB00DD118E /* Build configuration list for PBXProject "OpenWeather" */ = {
			isa = XCConfigurationList;
			buildConfigurations = (
				B4ECE74D15FE66DB00DD118E /* Debug */,
				B4ECE74E15FE66DB00DD118E /* Release */,
			);
			defaultConfigurationIsVisible = 0;
			defaultConfigurationName = Release;
		};
		B4ECE74F15FE66DB00DD118E /* Build configuration list for PBXNativeTarget "OpenWeather" */ = {
			isa = XCConfigurationList;
			buildConfigurations = (
				B4ECE75015FE66DB00DD118E /* Debug */,
				B4ECE75115FE66DB00DD118E /* Release */,
			);
			defaultConfigurationIsVisible = 0;
		};
		B4ECE75215FE66DB00DD118E /* Build configuration list for PBXNativeTarget "OpenWeatherTests" */ = {
			isa = XCConfigurationList;
			buildConfigurations = (
				B4ECE75315FE66DB00DD118E /* Debug */,
				B4ECE75415FE66DB00DD118E /* Release */,
			);
			defaultConfigurationIsVisible = 0;
		};
/* End XCConfigurationList section */
	};
	rootObject = B4ECE71315FE66DB00DD118E /* Project object */;
}
